
Microsoft Visual Studio Solution File, Format Version 12.00
# Visual Studio Version 17
VisualStudioVersion = 17.2.32616.157
MinimumVisualStudioVersion = 10.0.40219.1
Project("{9A19103F-16F7-4668-BE54-9A1E7A4F7556}") = "Sample.Didar.Api", "Sample.Didar.Api.csproj", "{DB68C241-AE48-42D3-90AC-3CA1AC226F3B}"
EndProject
Global
	GlobalSection(SolutionConfigurationPlatforms) = preSolution
		Debug|Any CPU = Debug|Any CPU
		Release|Any CPU = Release|Any CPU
	EndGlobalSection
	GlobalSection(ProjectConfigurationPlatforms) = postSolution
		{DB68C241-AE48-42D3-90AC-3CA1AC226F3B}.Debug|Any CPU.ActiveCfg = Debug|Any CPU
		{DB68C241-AE48-42D3-90AC-3CA1AC226F3B}.Debug|Any CPU.Build.0 = Debug|Any CPU
		{DB68C241-AE48-42D3-90AC-3CA1AC226F3B}.Release|Any CPU.ActiveCfg = Release|Any CPU
		{DB68C241-AE48-42D3-90AC-3CA1AC226F3B}.Release|Any CPU.Build.0 = Release|Any CPU
	EndGlobalSection
	GlobalSection(SolutionProperties) = preSolution
		HideSolutionNode = FALSE
	EndGlobalSection
	GlobalSection(ExtensibilityGlobals) = postSolution
		SolutionGuid = {4D214485-12ED-44B4-A050-42B068E507CF}
	EndGlobalSection
EndGlobal
